<?xml version="1.0" encoding="utf-8"?>
<Project ToolsVersion="4.0" xmlns="http://schemas.microsoft.com/developer/msbuild/2003">
  <ItemGroup>
    <Filter Include="Source Files">
      <UniqueIdentifier>{4FC737F1-C7A5-4376-A066-2A32D752A2FF}</UniqueIdentifier>
      <Extensions>cpp;c;cc;cxx;def;odl;idl;hpj;bat;asm;asmx</Extensions>
    </Filter>
    <Filter Include="Header Files">
      <UniqueIdentifier>{93995380-89BD-4b04-88EB-625FBE52EBFB}</UniqueIdentifier>
      <Extensions>h;hh;hpp;hxx;hm;inl;inc;xsd</Extensions>
    </Filter>
    <Filter Include="Resource Files">
      <UniqueIdentifier>{67DA6AB6-F800-4c08-8B7A-83BB121AAD01}</UniqueIdentifier>
      <Extensions>rc;ico;cur;bmp;dlg;rc2;rct;bin;rgs;gif;jpg;jpeg;jpe;resx;tiff;tif;png;wav;mfcribbon-ms</Extensions>
    </Filter>
  </ItemGroup>
  <ItemGroup>
    <Text Include="ReadMe.txt" />
  </ItemGroup>
  <ItemGroup>
    <ClInclude Include="JsonConfig.h">
      <Filter>Header Files</Filter>
    </ClInclude>
    <ClInclude Include="SetupRepo.h">
      <Filter>Header Files</Filter>
    </ClInclude>
    <ClInclude Include="UIAuto.h">
      <Filter>Header Files</Filter>
    </ClInclude>
    <ClInclude Include="stdafx.h">
      <Filter>Header Files</Filter>
    </ClInclude>
    <ClInclude Include="targetver.h">
      <Filter>Header Files</Filter>
    </ClInclude>
    <ClInclude Include="CommandMsiExec.h">
      <Filter>Header Files</Filter>
    </ClInclude>
    <ClInclude Include="UiAutoConfig.h">
      <Filter>Header Files</Filter>
    </ClInclude>
    <ClInclude Include="WinReg.h">
      <Filter>Header Files</Filter>
    </ClInclude>
    <ClInclude Include="IasVersion.h">
      <Filter>Header Files</Filter>
    </ClInclude>
    <ClInclude Include="MsiConfig.h">
      <Filter>Header Files</Filter>
    </ClInclude>
    <ClInclude Include="ThreadSafeQueue.h">
      <Filter>Header Files</Filter>
    </ClInclude>
    <ClInclude Include="Dll.h">
      <Filter>Header Files</Filter>
    </ClInclude>
    <ClInclude Include="SocketOverlapServer.h">
      <Filter>Header Files</Filter>
    </ClInclude>
    <ClInclude Include="SocketCompletionPortServer.h">
      <Filter>Header Files</Filter>
    </ClInclude>
    <ClInclude Include="SocketEventSelectServer.h">
      <Filter>Header Files</Filter>
    </ClInclude>
    <ClInclude Include="SocketSelectServer.h">
      <Filter>Header Files</Filter>
    </ClInclude>
    <ClInclude Include="SocketClient.h">
      <Filter>Header Files</Filter>
    </ClInclude>
    <ClInclude Include="ReadDirectoryChanges.h">
      <Filter>Header Files</Filter>
    </ClInclude>
    <ClInclude Include="ReadDirectoryChangesPrivate.h">
      <Filter>Header Files</Filter>
    </ClInclude>
    <ClInclude Include="DirChange.h">
      <Filter>Header Files</Filter>
    </ClInclude>
    <ClInclude Include="SharedFile.h">
      <Filter>Header Files</Filter>
    </ClInclude>
    <ClInclude Include="HttpHeader.h">
      <Filter>Header Files</Filter>
    </ClInclude>
    <ClInclude Include="HttpServer.h">
      <Filter>Header Files</Filter>
    </ClInclude>
    <ClInclude Include="certificate.hpp">
      <Filter>Header Files</Filter>
    </ClInclude>
    <ClInclude Include="cschannel.h">
      <Filter>Header Files</Filter>
    </ClInclude>
    <ClInclude Include="Buffer.hpp">
      <Filter>Source Files</Filter>
    </ClInclude>
    <ClInclude Include="SChannelClient.hpp">
      <Filter>Source Files</Filter>
    </ClInclude>
    <ClInclude Include="SchannelPeer.hpp">
      <Filter>Source Files</Filter>
    </ClInclude>
    <ClInclude Include="SchannelServer.hpp">
      <Filter>Source Files</Filter>
    </ClInclude>
    <ClInclude Include="HttpRequest.h">
      <Filter>Header Files</Filter>
    </ClInclude>
    <ClInclude Include="HttpResponse.h">
      <Filter>Header Files</Filter>
    </ClInclude>
  </ItemGroup>
  <ItemGroup>
    <ClCompile Include="JsonConfig.cpp">
      <Filter>Source Files</Filter>
    </ClCompile>
    <ClCompile Include="SetupRepo.cpp">
      <Filter>Source Files</Filter>
    </ClCompile>
    <ClCompile Include="UIAuto.cpp">
      <Filter>Source Files</Filter>
    </ClCompile>
    <ClCompile Include="CommandMsiExec.cpp">
      <Filter>Source Files</Filter>
    </ClCompile>
    <ClCompile Include="UiAutoConfig.cpp">
      <Filter>Source Files</Filter>
    </ClCompile>
    <ClCompile Include="WinReg.cpp">
      <Filter>Source Files</Filter>
    </ClCompile>
    <ClCompile Include="IasVersion.cpp">
      <Filter>Source Files</Filter>
    </ClCompile>
    <ClCompile Include="Dll.cpp">
      <Filter>Source Files</Filter>
    </ClCompile>
    <ClCompile Include="MsiConfig.cpp">
      <Filter>Source Files</Filter>
    </ClCompile>
    <ClCompile Include="stdafx.cpp">
      <Filter>Source Files</Filter>
    </ClCompile>
    <ClCompile Include="SocketOverlapServer.cpp">
      <Filter>Source Files</Filter>
    </ClCompile>
    <ClCompile Include="SocketCompletionPortServer.cpp">
      <Filter>Source Files</Filter>
    </ClCompile>
    <ClCompile Include="SocketEventSelectServer.cpp">
      <Filter>Source Files</Filter>
    </ClCompile>
    <ClCompile Include="SocketSelectServer.cpp">
      <Filter>Source Files</Filter>
    </ClCompile>
    <ClCompile Include="SocketClient.cpp">
      <Filter>Source Files</Filter>
    </ClCompile>
    <ClCompile Include="ReadDirectoryChanges.cpp">
      <Filter>Source Files</Filter>
    </ClCompile>
    <ClCompile Include="ReadDirectoryChangesPrivate.cpp">
      <Filter>Source Files</Filter>
    </ClCompile>
    <ClCompile Include="DirChange.cpp">
      <Filter>Source Files</Filter>
    </ClCompile>
    <ClCompile Include="SharedFile.cpp">
      <Filter>Source Files</Filter>
    </ClCompile>
    <ClCompile Include="HttpHeader.cpp">
      <Filter>Source Files</Filter>
    </ClCompile>
    <ClCompile Include="HttpServer.cpp">
      <Filter>Source Files</Filter>
    </ClCompile>
    <ClCompile Include="certificate.cpp">
      <Filter>Source Files</Filter>
    </ClCompile>
    <ClCompile Include="cschannel.c">
      <Filter>Source Files</Filter>
    </ClCompile>
    <ClCompile Include="HttpRequest.cpp">
      <Filter>Source Files</Filter>
    </ClCompile>
    <ClCompile Include="HttpResponse.cpp">
      <Filter>Source Files</Filter>
    </ClCompile>
  </ItemGroup>
</Project>